
Microsoft Visual Studio Solution File, Format Version 12.00
# Visual Studio 15
VisualStudioVersion = 15.0.28307.705
MinimumVisualStudioVersion = 10.0.40219.1
Project("{FAE04EC0-301F-11D3-BF4B-00C04F79EFBC}") = "Farm.Api", "Farm.Api\Farm.Api.csproj", "{A8CA6A49-699F-4AC8-99D4-3618816B167B}"
EndProject
Project("{FAE04EC0-301F-11D3-BF4B-00C04F79EFBC}") = "Farm.Dal", "Farm.Dal\Farm.Dal.csproj", "{31CDFD7F-32E4-4895-A2D8-C4E0C10E91AA}"
EndProject
Global
	GlobalSection(SolutionConfigurationPlatforms) = preSolution
		Debug|Any CPU = Debug|Any CPU
		Release|Any CPU = Release|Any CPU
	EndGlobalSection
	GlobalSection(ProjectConfigurationPlatforms) = postSolution
		{A8CA6A49-699F-4AC8-99D4-3618816B167B}.Debug|Any CPU.ActiveCfg = Debug|Any CPU
		{A8CA6A49-699F-4AC8-99D4-3618816B167B}.Debug|Any CPU.Build.0 = Debug|Any CPU
		{A8CA6A49-699F-4AC8-99D4-3618816B167B}.Release|Any CPU.ActiveCfg = Release|Any CPU
		{A8CA6A49-699F-4AC8-99D4-3618816B167B}.Release|Any CPU.Build.0 = Release|Any CPU
		{31CDFD7F-32E4-4895-A2D8-C4E0C10E91AA}.Debug|Any CPU.ActiveCfg = Debug|Any CPU
		{31CDFD7F-32E4-4895-A2D8-C4E0C10E91AA}.Debug|Any CPU.Build.0 = Debug|Any CPU
		{31CDFD7F-32E4-4895-A2D8-C4E0C10E91AA}.Release|Any CPU.ActiveCfg = Release|Any CPU
		{31CDFD7F-32E4-4895-A2D8-C4E0C10E91AA}.Release|Any CPU.Build.0 = Release|Any CPU
	EndGlobalSection
	GlobalSection(SolutionProperties) = preSolution
		HideSolutionNode = FALSE
	EndGlobalSection
	GlobalSection(ExtensibilityGlobals) = postSolution
		SolutionGuid = {18D7DAB9-28F5-46B0-8BB7-2EB08651CA51}
	EndGlobalSection
EndGlobal
